
Microsoft Visual Studio Solution File, Format Version 12.00
# Visual Studio Version 16
VisualStudioVersion = 16.0.31424.327
MinimumVisualStudioVersion = 10.0.40219.1
Project("{FAE04EC0-301F-11D3-BF4B-00C04F79EFBC}") = "SachOnline", "SachOnline.csproj", "{EADAE53F-8094-4843-8770-9CFBA8FE09FF}"
EndProject
Global
	GlobalSection(SolutionConfigurationPlatforms) = preSolution
		Debug|Any CPU = Debug|Any CPU
		Release|Any CPU = Release|Any CPU
	EndGlobalSection
	GlobalSection(ProjectConfigurationPlatforms) = postSolution
		{EADAE53F-8094-4843-8770-9CFBA8FE09FF}.Debug|Any CPU.ActiveCfg = Debug|Any CPU
		{EADAE53F-8094-4843-8770-9CFBA8FE09FF}.Debug|Any CPU.Build.0 = Debug|Any CPU
		{EADAE53F-8094-4843-8770-9CFBA8FE09FF}.Release|Any CPU.ActiveCfg = Release|Any CPU
		{EADAE53F-8094-4843-8770-9CFBA8FE09FF}.Release|Any CPU.Build.0 = Release|Any CPU
	EndGlobalSection
	GlobalSection(SolutionProperties) = preSolution
		HideSolutionNode = FALSE
	EndGlobalSection
	GlobalSection(ExtensibilityGlobals) = postSolution
		SolutionGuid = {B55AFA2B-1B57-4BA0-95E2-C2E35F316087}
	EndGlobalSection
EndGlobal
